decred.org/cspp/v2 v2.4.0 h1:whb0YW+UELHJS/UfT5MBXSJXrKUVw5omhgKNhjzYix4=
decred.org/cspp/v2 v2.4.0/go.mod h1:9nO3bfvCheOPIFZw5f6sRQ42CjBFB5RKSaJ9Iq6G4MA=
github.com/agl/ed25519 v0.0.0-20170116200512-5312a6153412 h1:w1UutsfOrms1J05zt7ISrnJIXKzwaspym5BTKGx93EI=
github.com/agl/ed25519 v0.0.0-20170116200512-5312a6153412/go.mod h1:WPjqKcmVOxf0XSf3YxCJs6N6AOSrOx3obionmG7T0y0=
github.com/companyzero/sntrup4591761 v0.0.0-20220309191932-9e0f3af2f07a h1:clYxJ3Os0EQUKDDVU8M0oipllX0EkuFNBfhVQuIfyF0=
github.com/companyzero/sntrup4591761 v0.0.0-20220309191932-9e0f3af2f07a/go.mod h1:z/9Ck1EDixEbBbZ2KH2qNHekEmDLTOZ+FyoIPWWSVOI=
github.com/davecgh/go-spew v1.1.1 h1:vj9j/u1bqnvCEfJOwUhtlOARqs3+rkHYY13jYWTU97c=
github.com/davecgh/go-spew v1.1.1/go.mod h1:J7Y8YcW2NihsgmVo/mv3lAwl/skON4iLHjSsI+c5H38=
github.com/dchest/siphash v1.2.3 h1:QXwFc8cFOR2dSa/gE6o/HokBMWtLUaNDVd+22aKHeEA=
github.com/dchest/siphash v1.2.3/go.mod h1:0NvQU092bT0ipiFN++/rXm69QG9tVxLAlQHIXMPAkHc=
github.com/decred/base58 v1.0.5 h1:hwcieUM3pfPnE/6p3J100zoRfGkQxBulZHo7GZfOqic=
github.com/decred/base58 v1.0.5/go.mod h1:s/8lukEHFA6bUQQb/v3rjUySJ2hu+RioCzLukAVkrfw=
github.com/decred/dcrd/chaincfg/chainhash v1.0.4 h1:zRCv6tdncLfLTKYqu7hrXvs7hW+8FO/NvwoFvGsrluU=
github.com/decred/dcrd/chaincfg/chainhash v1.0.4/go.mod h1:hA86XxlBWwHivMvxzXTSD0ZCG/LoYsFdWnCekkTMCqY=
github.com/decred/dcrd/chaincfg/v3 v3.2.1 h1:x9zKJaU24WAKbxAR1UyFKHlM3oJgP0H9LodokM4X5lM=
github.com/decred/dcrd/chaincfg/v3 v3.2.1/go.mod h1:SDCWDtY7BLj0leXc9FuoA1YjSVKyCIBVAyxwZn6+sXc=
github.com/decred/dcrd/crypto/blake256 v1.0.1 h1:7PltbUIQB7u/FfZ39+DGa/ShuMyJ5ilcvdfma9wOH6Y=
github.com/decred/dcrd/crypto/blake256 v1.0.1/go.mod h1:2OfgNZ5wDpcsFmHmCK5gZTPcCXqlm2ArzUIkw9czNJo=
github.com/decred/dcrd/crypto/ripemd160 v1.0.2 h1:TvGTmUBHDU75OHro9ojPLK+Yv7gDl2hnUvRocRCjsys=
github.com/decred/dcrd/crypto/ripemd160 v1.0.2/go.mod h1:uGfjDyePSpa75cSQLzNdVmWlbQMBuiJkvXw/MNKRY4M=
github.com/decred/dcrd/dcrec v1.0.1 h1:gDzlndw0zYxM5BlaV17d7ZJV6vhRe9njPBFeg4Db2UY=
github.com/decred/dcrd/dcrec v1.0.1/go.mod h1:CO+EJd8eHFb8WHa84C7ZBkXsNUIywaTHb+UAuI5uo6o=
github.com/decred/dcrd/dcrec/edwards/v2 v2.0.3 h1:l/lhv2aJCUignzls81+wvga0TFlyoZx8QxRMQgXpZik=
github.com/decred/dcrd/dcrec/edwards/v2 v2.0.3/go.mod h1:AKpV6+wZ2MfPRJnTbQ6NPgWrKzbe9RCIlCF/FKzMtM8=
github.com/decred/dcrd/dcrec/secp256k1/v4 v4.3.0 h1:rpfIENRNNilwHwZeG5+P150SMrnNEcHYvcCuK6dPZSg=
github.com/decred/dcrd/dcrec/secp256k1/v4 v4.3.0/go.mod h1:v57UDF4pDQJcEfFUCRop3lJL149eHGSe9Jvczhzjo/0=
github.com/decred/dcrd/txscript/v4 v4.1.1 h1:R4M2+jMujgQA91899SkL0cW66d6DC76Gx+1W1oEHjc0=
github.com/decred/dcrd/txscript/v4 v4.1.1/go.mod h1:7ybmJoI+b6dxvQ+0aXdZpkyrj0PbnylJCzFxD1g8+/A=
github.com/decred/dcrd/wire v1.7.0 h1:5JHiDjEQeS4XUl4PfnTZYLwAD/E/+LwBmPRec/fP76o=
github.com/decred/dcrd/wire v1.7.0/go.mod h1:lAqrzV0SU4kyV6INLEJgDtUjJaTaVKrbF4LHtaYl+zU=
github.com/decred/go-socks v1.1.0 h1:dnENcc0KIqQo3HSXdgboXAHgqsCIutkqq6ntQjYtm2U=
github.com/decred/go-socks v1.1.0/go.mod h1:sDhHqkZH0X4JjSa02oYOGhcGHYp12FsY1jQ/meV8md0=
github.com/decred/slog v1.2.0 h1:soHAxV52B54Di3WtKLfPum9OFfWqwtf/ygf9njdfnPM=
github.com/decred/slog v1.2.0/go.mod h1:kVXlGnt6DHy2fV5OjSeuvCJ0OmlmTF6LFpEPMu/fOY0=
github.com/decred/vspd/client/v4 v4.0.1 h1:eoFWCoaqEMLBODRQrVABGcpFrFdOSPLiMWpPO+RVvi0=
github.com/decred/vspd/client/v4 v4.0.1/go.mod h1:jhqu4KGGOskQcPVZ3XZLVZ1Wgkc9GQo+oEipr3gGODg=
github.com/decred/vspd/types/v3 v3.0.0 h1:jHlQIpp6aCjIcFs8WE3AaVCJe1kgepNTq+nkBKAyQxk=
github.com/decred/vspd/types/v3 v3.0.0/go.mod h1:hwifRZu6tpkbhSg2jZCUwuPaO/oETgbSCWCYJd4XepY=
github.com/go-logr/logr v1.4.2 h1:6pFjapn8bFcIbiKo3XT4j/BhANplGihG6tvd+8rYgrY=
github.com/go-logr/logr v1.4.2/go.mod h1:9T104GzyrTigFIr8wt5mBrctHMim0Nb2HLGrmQ40KvY=
github.com/go-logr/stdr v1.2.2 h1:hSWxHoqTgW2S2qGc0LTAI563KZ5YKYRhT3MFKZMbjag=
github.com/go-logr/stdr v1.2.2/go.mod h1:mMo/vtBO5dYbehREoey6XUKy/eSumjCCveDpRre4VKE=
github.com/golang/protobuf v1.5.4 h1:i7eJL8qZTpSEXOPTxNKhASYpMn+8e5Q6AdndVa1dWek=
github.com/golang/protobuf v1.5.4/go.mod h1:lnTiLA8Wa4RWRcIUkrtSVa5nRhsEGBg48fD6rSs7xps=
github.com/golang/snappy v0.0.4 h1:yAGX7huGHXlcLOEtBnF4w7FQwA26wojNCwOYAEhLjQM=
github.com/golang/snappy v0.0.4/go.mod h1:/XxbfmMg8lxefKM7IXC3fBNl/7bRcc72aCRzEWrmP2Q=
github.com/google/go-cmp v0.6.0 h1:ofyhxvXcZhMsU5ulbFiLKl/XBFqE1GSq7atu8tAmTRI=
github.com/google/go-cmp v0.6.0/go.mod h1:17dUlkBOakJ0+DkrSSNjCkIjxS6bF9zb3elmeNGIjoY=
github.com/google/uuid v1.6.0 h1:NIvaJDMOsjHA8n1jAhLSgzrAzy1Hgr+hNrb57e+94F0=
github.com/google/uuid v1.6.0/go.mod h1:TIyPZe4MgqvfeYDBFedMoGGpEw/LqOeaOT+nhxU+yHo=
github.com/gorilla/websocket v1.5.1 h1:gmztn0JnHVt9JZquRuzLw3g4wouNVzKL15iLr/zn/QY=
github.com/gorilla/websocket v1.5.1/go.mod h1:x3kM2JMyaluk02fnUJpQuwD2dCS5NDG2ZHL0uE0tcaY=
github.com/jessevdk/go-flags v1.5.0 h1:1jKYvbxEjfUl0fmqTCOfonvskHHXMjBySTLW4y9LFvc=
github.com/jessevdk/go-flags v1.5.0/go.mod h1:Fw0T6WPc1dYxT4mKEZRfG5kJhaTDP9pj1c2EWnYs/m4=
github.com/jrick/bitset v1.0.0 h1:Ws0PXV3PwXqWK2n7Vz6idCdrV/9OrBXgHEJi27ZB9Dw=
github.com/jrick/bitset v1.0.0/go.mod h1:ZOYB5Uvkla7wIEY4FEssPVi3IQXa02arznRaYaAEPe4=
github.com/jrick/logrotate v1.0.0 h1:lQ1bL/n9mBNeIXoTUoYRlK4dHuNJVofX9oWqBtPnSzI=
github.com/jrick/logrotate v1.0.0/go.mod h1:LNinyqDIJnpAur+b8yyulnQw/wDuN1+BYKlTRt3OuAQ=
github.com/jrick/wsrpc/v2 v2.3.8 h1:9vfM8o9g00HXQb/3D6+Y9Cy1uybjD7K1272vtdXXBps=
github.com/jrick/wsrpc/v2 v2.3.8/go.mod h1:Ha6uT2AOjHkaiBWMjWfWUFvjDrppbfy0ghLKxPPYmY4=
github.com/klauspost/cpuid/v2 v2.2.8 h1:+StwCXwm9PdpiEkPyzBXIy+M9KUb4ODm0Zarf1kS5BM=
github.com/klauspost/cpuid/v2 v2.2.8/go.mod h1:Lcz8mBdAVJIBVzewtcLocK12l3Y+JytZYpaMropDUws=
github.com/monetarium/node/addrmgr v1.0.4 h1:Osp7lbCEiPgZMasAzTka21E3ZeILRbHTa4DrEJFqPaY=
github.com/monetarium/node/addrmgr v1.0.4/go.mod h1:6GKPrxBQZcWMIObw1E1uUvJF6IZtZJpjhIePHIaXZEU=
github.com/monetarium/node/blockchain v1.0.4 h1:ZNftU+BOUsFjt0HMEF+AMx3vHmIpnw9xIecdae+ECT8=
github.com/monetarium/node/blockchain v1.0.4/go.mod h1:TVD69prkBjk25vDPkvorzz5zH/060OOsBV2b2G3Rr3s=
github.com/monetarium/node/blockchain/stake v1.0.4 h1:PT/h6ZYEPL5kZyoDN6dET97Tr3DqFHrkqjcvx0OqMZw=
github.com/monetarium/node/blockchain/stake v1.0.4/go.mod h1:GTmM2WpB9yF+JBxyHEH/ZJwwJMrekiDiaUBbQ9ndNEo=
github.com/monetarium/node/blockchain/standalone v1.0.4 h1:ruDCavlmTqdKpzcA3mH9VU0Sp/BKrSgCdbLlLlaFTDI=
github.com/monetarium/node/blockchain/standalone v1.0.4/go.mod h1:Sg/CB8bFAm59W6GDIgeJWy0uiqAkN4JEevxwY4EoyLg=
github.com/monetarium/node/certgen v1.0.4 h1:XkC+Z4G+sb0KmAtMLpEkE4mVud5KUPAPYkUtGuocmMo=
github.com/monetarium/node/certgen v1.0.4/go.mod h1:+TcEFdbjdehAp4ZtbvFvOSaOfBCqbuMHnJqQ6J/AMmg=
github.com/monetarium/node/chaincfg v1.0.4 h1:iVt6L5Pfa+/ZszHV8KyRVNB2l1CSrWHGLSYZpP4kr5o=
github.com/monetarium/node/chaincfg v1.0.4/go.mod h1:togSskQ6Zof4DhbSXMWRL/Ey/FutqBm5cS1IJGzwU4Y=
github.com/monetarium/node/chaincfg/chainhash v1.0.4 h1:QLcJfKpA2EZXVUJu86woJ9WP6kq1OY/EmVIR8Moo/YY=
github.com/monetarium/node/chaincfg/chainhash v1.0.4/go.mod h1:S8tGMRM6eoxmeAR6C5gnC4t5GYpsBSeDE7P01PZYcw4=
github.com/monetarium/node/cointype v1.0.4 h1:krt8cHN1chs59QKVwZPBSm2+oP1eh/HXOm9ftMKOPAY=
github.com/monetarium/node/cointype v1.0.4/go.mod h1:iLZexPb/VLR49dEUVefjtmw8WX4c+2crRqArkFd06xk=
github.com/monetarium/node/connmgr v1.0.4 h1:W1OmvJOjep7iZiLULzYEhdPQgMkiJaJT4MB/YK0bUG0=
github.com/monetarium/node/connmgr v1.0.4/go.mod h1:iPso5edx5nWsyosjx/TLAg/LQTYBdjlAN5qYuhYaK0g=
github.com/monetarium/node/container/lru v1.0.4 h1:6FuSNGMN5wUzj3momSNpPkbhNn/0MigZLsQhohTVOuA=
github.com/monetarium/node/container/lru v1.0.4/go.mod h1:IxtS0AucyJqmXaBk2OrpkNcuJC4ZVaB/hWpSdo9y6DQ=
github.com/monetarium/node/crypto/blake256 v1.0.4 h1:3uk4o9wkQCGYomTrWcrTdunN/kI0/aPYOtVIy/423gU=
github.com/monetarium/node/crypto/blake256 v1.0.4/go.mod h1:eBAphOj5RSPdKVSvAATpgwCn+48NStnnihYgA7YblhY=
github.com/monetarium/node/crypto/rand v1.0.4 h1:5gIpfZY3NOxaHuzuwqt+geRdgYQlTe1QpPytYgLvYkM=
github.com/monetarium/node/crypto/rand v1.0.4/go.mod h1:zCrh/hrGmZmBJZ+GxbapmMpTeLgnfFOGX8x8nD0mkHo=
github.com/monetarium/node/crypto/ripemd160 v1.0.4 h1:cGkg9U7M7cQv46+A9P8IIXjNlabG0/oivrQckxtGr4g=
github.com/monetarium/node/crypto/ripemd160 v1.0.4/go.mod h1:3/ZAKT4jO9KFiWHa9IwoiaG8tP4o2KE5y5THi6YFviU=
github.com/monetarium/node/database v1.0.4 h1:J7fO+ynwZB5JsiXO3BrXq92XS1xa5JF+trV5Gf/N8RU=
github.com/monetarium/node/database v1.0.4/go.mod h1:DQQjzhB5ak7Yt+1qN3bWzM+zkohyOfA+rvlJpyBTwZo=
github.com/monetarium/node/dcrec v1.0.4 h1:OnKjYG27gkXmQdn1hVrgiJ7Lfcn9ETzyHAtkrLHYhz0=
github.com/monetarium/node/dcrec v1.0.4/go.mod h1:kmXAAnAzsP01XUucGqYuWTSysiTjRidl/dltzTY37Jc=
github.com/monetarium/node/dcrec/edwards v1.0.4 h1:pC7b9tdW+k6MSat2RYU0MTsEw++SgCHDBsYAKKrqoRI=
github.com/monetarium/node/dcrec/edwards v1.0.4/go.mod h1:wVBVazlyGqleworYqIUl8of2Hu+qWKgz9uUacOuRrpI=
github.com/monetarium/node/dcrec/secp256k1 v1.0.4 h1:AiCwtDP/6ubVd3oXFY1iVwGlr7WySY8IGfUW3M4SZQQ=
github.com/monetarium/node/dcrec/secp256k1 v1.0.4/go.mod h1:epjjHv2Z/GbQ3jZSiws1vvOOafC0saYUgA3T9pQLPPs=
github.com/monetarium/node/dcrjson v1.0.4 h1:RMlXJMZI13RBGckRtggBgRAXZ85kU33qTw9DiNJBw0c=
github.com/monetarium/node/dcrjson v1.0.4/go.mod h1:a3yv/123l+n+emdgx0xWvshMLtlZtC40HIVeLQ9G04Q=
github.com/monetarium/node/dcrutil v1.0.4 h1:uUyUXohnhob/ftmMpVJIoq/WbK59Yds6Icd6QJZLP0g=
github.com/monetarium/node/dcrutil v1.0.4/go.mod h1:ZmTZH7kSQ4g4zeYFo/IYrlnm/vXctyRjxxaTXR+2ZTY=
github.com/monetarium/node/gcs v1.0.4 h1:4fa4eVIEexe3YAeRLdrnMZAqnV89oI7rfxDtbkLKMxg=
github.com/monetarium/node/gcs v1.0.4/go.mod h1:81MX/0LAGmYB+4LMBoSGmidEcVPjgB9xzZSnBgqV4gE=
github.com/monetarium/node/hdkeychain v1.0.4 h1:eNv7PJUjGEuPiZt3w/rHwXZ7Rd4xOefNQRlEwOzfmM4=
github.com/monetarium/node/hdkeychain v1.0.4/go.mod h1:9LLVLpRRGAg8v/8yVRBzT3fiyyvm/fiL4Tol7UC2BCw=
github.com/monetarium/node/mixing v1.0.4 h1:ZpMAoRR7mFFPOWj4sun5VDOsYKHUFx3Y6oa3IM3i+tA=
github.com/monetarium/node/mixing v1.0.4/go.mod h1:piN6pAG4B4a2S8WQvKTYK2I7y3KBe3PvrQdXBwa9QJg=
github.com/monetarium/node/rpc/jsonrpc/types v1.0.4 h1:W77C10hoNo6MD3Vog1onmcEqpI/4mVxLZvsFNfBUr/c=
github.com/monetarium/node/rpc/jsonrpc/types v1.0.4/go.mod h1:yP274Z11VrJXJ4JNVWnv4p62WEgXpG6F5pxy2Km+G6g=
github.com/monetarium/node/rpcclient v1.0.4 h1:jz+9vFx6w198EzxA2pGzmNFD3fgK+lO4ZIv7YdM4oRc=
github.com/monetarium/node/rpcclient v1.0.4/go.mod h1:mq/t46h5404rvm6wW22KGgB4IsZ15IPd0O8lg4mgn3I=
github.com/monetarium/node/txscript v1.0.4 h1:72esUdDu1nSQo8/Zr97B4svLPIe9cIgvkWiUP4L0ctY=
github.com/monetarium/node/txscript v1.0.4/go.mod h1:ELHjrure5+igSLc1neGA4DD1IngIBZFY6UwVp/ga6n4=
github.com/monetarium/node/wire v1.0.4 h1:JOCGLHKIV4GUwv1ELjedvfIGd185JTz+OHpTsl4AecY=
github.com/monetarium/node/wire v1.0.4/go.mod h1:GJDNIstcLeTrSlPZBg+CpQIobfd+tN67apQ0G5DXJQY=
github.com/pmezard/go-difflib v1.0.0 h1:4DBwDE0NGyQoBHbLQYPwSUPoCMWR5BEzIk/f1lZbAQM=
github.com/pmezard/go-difflib v1.0.0/go.mod h1:iKH77koFhYxTK1pcRnkKkqfTogsbg7gZNVY4sRDYZ/4=
github.com/stretchr/testify v1.8.1 h1:w7B6lhMri9wdJUVmEZPGGhZzrYTPvgJArz7wNPgYKsk=
github.com/stretchr/testify v1.8.1/go.mod h1:w2LPCIKwWwSfY2zedu0+kehJoqGctiVI29o6fzry7u4=
github.com/syndtr/goleveldb v1.0.1-0.20210819022825-2ae1ddf74ef7 h1:epCh84lMvA70Z7CTTCmYQn2CKbY8j86K7/FAIr141uY=
github.com/syndtr/goleveldb v1.0.1-0.20210819022825-2ae1ddf74ef7/go.mod h1:q4W45IWZaF22tdD+VEXcAWRA037jwmWEB5VWYORlTpc=
go.etcd.io/bbolt v1.3.11 h1:yGEzV1wPz2yVCLsD8ZAiGHhHVlczyC9d1rP43/VCRJ0=
go.etcd.io/bbolt v1.3.11/go.mod h1:dksAq7YMXoljX0xu6VF5DMZGbhYYoLUalEiSySYAS4I=
go.opentelemetry.io/auto/sdk v1.1.0 h1:cH53jehLUN6UFLY71z+NDOiNJqDdPRaXzTel0sJySYA=
go.opentelemetry.io/auto/sdk v1.1.0/go.mod h1:3wSPjt5PWp2RhlCcmmOial7AvC4DQqZb7a7wCow3W8A=
go.opentelemetry.io/otel v1.34.0 h1:zRLXxLCgL1WyKsPVrgbSdMN4c0FMkDAskSTQP+0hdUY=
go.opentelemetry.io/otel v1.34.0/go.mod h1:OWFPOQ+h4G8xpyjgqo4SxJYdDQ/qmRH+wivy7zzx9oI=
go.opentelemetry.io/otel/metric v1.34.0 h1:+eTR3U0MyfWjRDhmFMxe2SsW64QrZ84AOhvqS7Y+PoQ=
go.opentelemetry.io/otel/metric v1.34.0/go.mod h1:CEDrp0fy2D0MvkXE+dPV7cMi8tWZwX3dmaIhwPOaqHE=
go.opentelemetry.io/otel/sdk v1.34.0 h1:95zS4k/2GOy069d321O8jWgYsW3MzVV+KuSPKp7Wr1A=
go.opentelemetry.io/otel/sdk v1.34.0/go.mod h1:0e/pNiaMAqaykJGKbi+tSjWfNNHMTxoC9qANsCzbyxU=
go.opentelemetry.io/otel/sdk/metric v1.34.0 h1:5CeK9ujjbFVL5c1PhLuStg1wxA7vQv7ce1EK0Gyvahk=
go.opentelemetry.io/otel/sdk/metric v1.34.0/go.mod h1:jQ/r8Ze28zRKoNRdkjCZxfs6YvBTG1+YIqyFVFYec5w=
go.opentelemetry.io/otel/trace v1.34.0 h1:+ouXS2V8Rd4hp4580a8q23bg0azF2nI8cqLYnC8mh/k=
go.opentelemetry.io/otel/trace v1.34.0/go.mod h1:Svm7lSjQD7kG7KJ/MUHPVXSDGz2OX4h0M2jHBhmSfRE=
golang.org/x/crypto v0.33.0 h1:IOBPskki6Lysi0lo9qQvbxiQ+FvsCC/YWOecCHAixus=
golang.org/x/crypto v0.33.0/go.mod h1:bVdXmD7IV/4GdElGPozy6U7lWdRXA4qyRVGJV57uQ5M=
golang.org/x/net v0.34.0 h1:Mb7Mrk043xzHgnRM88suvJFwzVrRfHEHJEl5/71CKw0=
golang.org/x/net v0.34.0/go.mod h1:di0qlW3YNM5oh6GqDGQr92MyTozJPmybPK4Ev/Gm31k=
golang.org/x/sync v0.11.0 h1:GGz8+XQP4FvTTrjZPzNKTMFtSXH80RAzG+5ghFPgK9w=
golang.org/x/sync v0.11.0/go.mod h1:Czt+wKu1gCyEFDUtn0jG5QVvpJ6rzVqr5aXyt9drQfk=
golang.org/x/sys v0.0.0-20210320140829-1e4c9ba3b0c4/go.mod h1:h1NjWce9XRLGQEsW7wpKNCjG9DtNlClVuFLEZdDNbEs=
golang.org/x/sys v0.5.0/go.mod h1:oPkhp1MJrh7nUepCBck5+mAzfO9JrbApNNgaTdGDITg=
golang.org/x/sys v0.30.0 h1:QjkSwP/36a20jFYWkSue1YwXzLmsV5Gfq7Eiy72C1uc=
golang.org/x/sys v0.30.0/go.mod h1:/VUhepiaJMQUp4+oa/7Zr1D23ma6VTLIYjOOTFZPUcA=
golang.org/x/term v0.29.0 h1:L6pJp37ocefwRRtYPKSWOWzOtWSxVajvz2ldH/xi3iU=
golang.org/x/term v0.29.0/go.mod h1:6bl4lRlvVuDgSf3179VpIxBF0o10JUpXWOnI7nErv7s=
golang.org/x/text v0.22.0 h1:bofq7m3/HAFvbF51jz3Q9wLg3jkvSPuiZu/pD1XwgtM=
golang.org/x/text v0.22.0/go.mod h1:YRoo4H8PVmsu+E3Ou7cqLVH8oXWIHVoX0jqUWALQhfY=
google.golang.org/genproto/googleapis/rpc v0.0.0-20250115164207-1a7da9e5054f h1:OxYkA3wjPsZyBylwymxSHa7ViiW1Sml4ToBrncvFehI=
google.golang.org/genproto/googleapis/rpc v0.0.0-20250115164207-1a7da9e5054f/go.mod h1:+2Yz8+CLJbIfL9z73EW45avw8Lmge3xVElCP9zEKi50=
google.golang.org/grpc v1.71.0 h1:kF77BGdPTQ4/JZWMlb9VpJ5pa25aqvVqogsxNHHdeBg=
google.golang.org/grpc v1.71.0/go.mod h1:H0GRtasmQOh9LkFoCPDu3ZrwUtD1YGE+b2vYBYd/8Ec=
google.golang.org/grpc/cmd/protoc-gen-go-grpc v1.5.1 h1:F29+wU6Ee6qgu9TddPgooOdaqsxTMunOoj8KA5yuS5A=
google.golang.org/grpc/cmd/protoc-gen-go-grpc v1.5.1/go.mod h1:5KF+wpkbTSbGcR9zteSqZV6fqFOWBl4Yde8En8MryZA=
google.golang.org/protobuf v1.36.5 h1:tPhr+woSbjfYvY6/GPufUoYizxw1cF/yFoxJ2fmpwlM=
google.golang.org/protobuf v1.36.5/go.mod h1:9fA7Ob0pmnwhb644+1+CVWFRbNajQ6iRojtC/QF5bRE=
gopkg.in/yaml.v3 v3.0.1 h1:fxVm/GzAzEWqLHuvctI91KS9hhNmmWOoWu0XTYJS7CA=
gopkg.in/yaml.v3 v3.0.1/go.mod h1:K4uyk7z7BCEPqu6E+C64Yfv1cQ7kz7rIZviUmN+EgEM=
lukechampine.com/blake3 v1.3.0 h1:sJ3XhFINmHSrYCgl958hscfIa3bw8x4DqMP3u1YvoYE=
lukechampine.com/blake3 v1.3.0/go.mod h1:0OFRp7fBtAylGVCO40o87sbupkyIGgbpv1+M1k1LM6k=
